// !$*UTF8*$!
{
	archiveVersion = 1;
	classes = {
	};
	objectVersion = 46;
	objects = {

/* Begin PBXBuildFile section */
		5B7F21661D71963A00D0A65D /* blank.wav in Resources */ = {isa = PBXBuildFile; fileRef = 5B7F21651D71963A00D0A65D /* blank.wav */; };
		5B7F21681D72535400D0A65D /* BackgroundTask.swift in Sources */ = {isa = PBXBuildFile; fileRef = 5B7F21671D72535400D0A65D /* BackgroundTask.swift */; };
		5BC607F21D7146AC00D5C97A /* AppDelegate.swift in Sources */ = {isa = PBXBuildFile; fileRef = 5BC607F11D7146AC00D5C97A /* AppDelegate.swift */; };
		5BC607F41D7146AC00D5C97A /* ViewController.swift in Sources */ = {isa = PBXBuildFile; fileRef = 5BC607F31D7146AC00D5C97A /* ViewController.swift */; };
		5BC607F71D7146AC00D5C97A /* Main.storyboard in Resources */ = {isa = PBXBuildFile; fileRef = 5BC607F51D7146AC00D5C97A /* Main.storyboard */; };
		5BC607F91D7146AC00D5C97A /* Assets.xcassets in Resources */ = {isa = PBXBuildFile; fileRef = 5BC607F81D7146AC00D5C97A /* Assets.xcassets */; };
		5BC607FC1D7146AC00D5C97A /* LaunchScreen.storyboard in Resources */ = {isa = PBXBuildFile; fileRef = 5BC607FA1D7146AC00D5C97A /* LaunchScreen.storyboard */; };
		D9B1BE196F99FCBD50E9D4F5 /* Pods_BackgroundTask.framework in Frameworks */ = {isa = PBXBuildFile; fileRef = BB27C4B721C739FE198CCEDB /* Pods_BackgroundTask.framework */; };
/* End PBXBuildFile section */

/* Begin PBXFileReference section */
		38DFC9CB89D9CC451EF9E8A5 /* Pods-BackgroundTask.debug.xcconfig */ = {isa = PBXFileReference; includeInIndex = 1; lastKnownFileType = text.xcconfig; name = "Pods-BackgroundTask.debug.xcconfig"; path = "Target Support Files/Pods-BackgroundTask/Pods-BackgroundTask.debug.xcconfig"; sourceTree = "<group>"; };
		49B27AF4A47D826675527430 /* Pods-BackgroundTask.release.xcconfig */ = {isa = PBXFileReference; includeInIndex = 1; lastKnownFileType = text.xcconfig; name = "Pods-BackgroundTask.release.xcconfig"; path = "Target Support Files/Pods-BackgroundTask/Pods-BackgroundTask.release.xcconfig"; sourceTree = "<group>"; };
		5B7F21651D71963A00D0A65D /* blank.wav */ = {isa = PBXFileReference; lastKnownFileType = audio.wav; path = blank.wav; sourceTree = "<group>"; };
		5B7F21671D72535400D0A65D /* BackgroundTask.swift */ = {isa = PBXFileReference; fileEncoding = 4; lastKnownFileType = sourcecode.swift; path = BackgroundTask.swift; sourceTree = "<group>"; };
		5BC607EE1D7146AC00D5C97A /* BackgroundTask.app */ = {isa = PBXFileReference; explicitFileType = wrapper.application; includeInIndex = 0; path = BackgroundTask.app; sourceTree = BUILT_PRODUCTS_DIR; };
		5BC607F11D7146AC00D5C97A /* AppDelegate.swift */ = {isa = PBXFileReference; lastKnownFileType = sourcecode.swift; path = AppDelegate.swift; sourceTree = "<group>"; };
		5BC607F31D7146AC00D5C97A /* ViewController.swift */ = {isa = PBXFileReference; lastKnownFileType = sourcecode.swift; path = ViewController.swift; sourceTree = "<group>"; };
		5BC607F61D7146AC00D5C97A /* Base */ = {isa = PBXFileReference; lastKnownFileType = file.storyboard; name = Base; path = Base.lproj/Main.storyboard; sourceTree = "<group>"; };
		5BC607F81D7146AC00D5C97A /* Assets.xcassets */ = {isa = PBXFileReference; lastKnownFileType = folder.assetcatalog; path = Assets.xcassets; sourceTree = "<group>"; };
		5BC607FB1D7146AC00D5C97A /* Base */ = {isa = PBXFileReference; lastKnownFileType = file.storyboard; name = Base; path = Base.lproj/LaunchScreen.storyboard; sourceTree = "<group>"; };
		5BC607FD1D7146AC00D5C97A /* Info.plist */ = {isa = PBXFileReference; lastKnownFileType = text.plist.xml; path = Info.plist; sourceTree = "<group>"; };
		79E4C18824A635A800DC5797 /* BridgingHeader.h */ = {isa = PBXFileReference; lastKnownFileType = sourcecode.c.h; path = BridgingHeader.h; sourceTree = "<group>"; };
		BB27C4B721C739FE198CCEDB /* Pods_BackgroundTask.framework */ = {isa = PBXFileReference; explicitFileType = wrapper.framework; includeInIndex = 0; path = Pods_BackgroundTask.framework; sourceTree = BUILT_PRODUCTS_DIR; };
/* End PBXFileReference section */

/* Begin PBXFrameworksBuildPhase section */
		5BC607EB1D7146AC00D5C97A /* Frameworks */ = {
			isa = PBXFrameworksBuildPhase;
			buildActionMask = 2147483647;
			files = (
				D9B1BE196F99FCBD50E9D4F5 /* Pods_BackgroundTask.framework in Frameworks */,
			);
			runOnlyForDeploymentPostprocessing = 0;
		};
/* End PBXFrameworksBuildPhase section */

/* Begin PBXGroup section */
		5B0E1C5C20FEABCE003081D2 /* BackgroundTask */ = {
			isa = PBXGroup;
			children = (
				5B7F21651D71963A00D0A65D /* blank.wav */,
				5B7F21671D72535400D0A65D /* BackgroundTask.swift */,
			);
			path = BackgroundTask;
			sourceTree = "<group>";
		};
		5B0E1C5D20FEABE8003081D2 /* Example */ = {
			isa = PBXGroup;
			children = (
				5BC607F11D7146AC00D5C97A /* AppDelegate.swift */,
				5BC607F31D7146AC00D5C97A /* ViewController.swift */,
				79E4C18824A635A800DC5797 /* BridgingHeader.h */,
			);
			path = Example;
			sourceTree = "<group>";
		};
		5BC607E51D7146AC00D5C97A = {
			isa = PBXGroup;
			children = (
				5BC607F01D7146AC00D5C97A /* test */,
				5BC607EF1D7146AC00D5C97A /* Products */,
				B48A714C79938E43D535737B /* Pods */,
				8C600ED0A0B12C918AEF3C37 /* Frameworks */,
			);
			sourceTree = "<group>";
		};
		5BC607EF1D7146AC00D5C97A /* Products */ = {
			isa = PBXGroup;
			children = (
				5BC607EE1D7146AC00D5C97A /* BackgroundTask.app */,
			);
			name = Products;
			sourceTree = "<group>";
		};
		5BC607F01D7146AC00D5C97A /* test */ = {
			isa = PBXGroup;
			children = (
				5B0E1C5C20FEABCE003081D2 /* BackgroundTask */,
				5B0E1C5D20FEABE8003081D2 /* Example */,
				5BC607F51D7146AC00D5C97A /* Main.storyboard */,
				5BC607FA1D7146AC00D5C97A /* LaunchScreen.storyboard */,
				5BC607F81D7146AC00D5C97A /* Assets.xcassets */,
				5BC607FD1D7146AC00D5C97A /* Info.plist */,
			);
			path = test;
			sourceTree = "<group>";
		};
		8C600ED0A0B12C918AEF3C37 /* Frameworks */ = {
			isa = PBXGroup;
			children = (
				BB27C4B721C739FE198CCEDB /* Pods_BackgroundTask.framework */,
			);
			name = Frameworks;
			sourceTree = "<group>";
		};
		B48A714C79938E43D535737B /* Pods */ = {
			isa = PBXGroup;
			children = (
				38DFC9CB89D9CC451EF9E8A5 /* Pods-BackgroundTask.debug.xcconfig */,
				49B27AF4A47D826675527430 /* Pods-BackgroundTask.release.xcconfig */,
			);
			path = Pods;
			sourceTree = "<group>";
		};
/* End PBXGroup section */

/* Begin PBXNativeTarget section */
		5BC607ED1D7146AC00D5C97A /* BackgroundTask */ = {
			isa = PBXNativeTarget;
			buildConfigurationList = 5BC608161D7146AC00D5C97A /* Build configuration list for PBXNativeTarget "BackgroundTask" */;
			buildPhases = (
				8A105CCCB3102D77C8E5C2A1 /* [CP] Check Pods Manifest.lock */,
				5BC607EA1D7146AC00D5C97A /* Sources */,
				5BC607EB1D7146AC00D5C97A /* Frameworks */,
				5BC607EC1D7146AC00D5C97A /* Resources */,
				FC1969B86BF502DD36782A86 /* [CP] Embed Pods Frameworks */,
			);
			buildRules = (
			);
			dependencies = (
			);
			name = BackgroundTask;
			productName = test;
			productReference = 5BC607EE1D7146AC00D5C97A /* BackgroundTask.app */;
			productType = "com.apple.product-type.application";
		};
/* End PBXNativeTarget section */

/* Begin PBXProject section */
		5BC607E61D7146AC00D5C97A /* Project object */ = {
			isa = PBXProject;
			attributes = {
				LastSwiftUpdateCheck = 0730;
				LastUpgradeCheck = 1020;
				ORGANIZATIONNAME = RSI;
				TargetAttributes = {
					5BC607ED1D7146AC00D5C97A = {
						CreatedOnToolsVersion = 7.3.1;
						DevelopmentTeam = 4FSBQD52AV;
						LastSwiftMigration = 1020;
						SystemCapabilities = {
							com.apple.BackgroundModes = {
								enabled = 1;
							};
						};
					};
				};
			};
			buildConfigurationList = 5BC607E91D7146AC00D5C97A /* Build configuration list for PBXProject "BackgroundTask" */;
			compatibilityVersion = "Xcode 3.2";
			developmentRegion = en;
			hasScannedForEncodings = 0;
			knownRegions = (
				en,
				Base,
			);
			mainGroup = 5BC607E51D7146AC00D5C97A;
			productRefGroup = 5BC607EF1D7146AC00D5C97A /* Products */;
			projectDirPath = "";
			projectRoot = "";
			targets = (
				5BC607ED1D7146AC00D5C97A /* BackgroundTask */,
			);
		};
/* End PBXProject section */

/* Begin PBXResourcesBuildPhase section */
		5BC607EC1D7146AC00D5C97A /* Resources */ = {
			isa = PBXResourcesBuildPhase;
			buildActionMask = 2147483647;
			files = (
				5B7F21661D71963A00D0A65D /* blank.wav in Resources */,
				5BC607FC1D7146AC00D5C97A /* LaunchScreen.storyboard in Resources */,
				5BC607F91D7146AC00D5C97A /* Assets.xcassets in Resources */,
				5BC607F71D7146AC00D5C97A /* Main.storyboard in Resources */,
			);
			runOnlyForDeploymentPostprocessing = 0;
		};
/* End PBXResourcesBuildPhase section */

/* Begin PBXShellScriptBuildPhase section */
		8A105CCCB3102D77C8E5C2A1 /* [CP] Check Pods Manifest.lock */ = {
			isa = PBXShellScriptBuildPhase;
			buildActionMask = 2147483647;
			files = (
			);
			inputFileListPaths = (
			);
			inputPaths = (
				"${PODS_PODFILE_DIR_PATH}/Podfile.lock",
				"${PODS_ROOT}/Manifest.lock",
			);
			name = "[CP] Check Pods Manifest.lock";
			outputFileListPaths = (
			);
			outputPaths = (
				"$(DERIVED_FILE_DIR)/Pods-BackgroundTask-checkManifestLockResult.txt",
			);
			runOnlyForDeploymentPostprocessing = 0;
			shellPath = /bin/sh;
			shellScript = "diff \"${PODS_PODFILE_DIR_PATH}/Podfile.lock\" \"${PODS_ROOT}/Manifest.lock\" > /dev/null\nif [ $? != 0 ] ; then\n    # print error to STDERR\n    echo \"error: The sandbox is not in sync with the Podfile.lock. Run 'pod install' or update your CocoaPods installation.\" >&2\n    exit 1\nfi\n# This output is used by Xcode 'outputs' to avoid re-running this script phase.\necho \"SUCCESS\" > \"${SCRIPT_OUTPUT_FILE_0}\"\n";
			showEnvVarsInLog = 0;
		};
		FC1969B86BF502DD36782A86 /* [CP] Embed Pods Frameworks */ = {
			isa = PBXShellScriptBuildPhase;
			buildActionMask = 2147483647;
			files = (
			);
			inputPaths = (
				"${PODS_ROOT}/Target Support Files/Pods-BackgroundTask/Pods-BackgroundTask-frameworks.sh",
				"${BUILT_PRODUCTS_DIR}/SystemServices/SystemServices.framework",
			);
			name = "[CP] Embed Pods Frameworks";
			outputPaths = (
				"${TARGET_BUILD_DIR}/${FRAMEWORKS_FOLDER_PATH}/SystemServices.framework",
			);
			runOnlyForDeploymentPostprocessing = 0;
			shellPath = /bin/sh;
			shellScript = "\"${PODS_ROOT}/Target Support Files/Pods-BackgroundTask/Pods-BackgroundTask-frameworks.sh\"\n";
			showEnvVarsInLog = 0;
		};
/* End PBXShellScriptBuildPhase section */

/* Begin PBXSourcesBuildPhase section */
		5BC607EA1D7146AC00D5C97A /* Sources */ = {
			isa = PBXSourcesBuildPhase;
			buildActionMask = 2147483647;
			files = (
				5B7F21681D72535400D0A65D /* BackgroundTask.swift in Sources */,
				5BC607F41D7146AC00D5C97A /* ViewController.swift in Sources */,
				5BC607F21D7146AC00D5C97A /* AppDelegate.swift in Sources */,
			);
			runOnlyForDeploymentPostprocessing = 0;
		};
/* End PBXSourcesBuildPhase section */

/* Begin PBXVariantGroup section */
		5BC607F51D7146AC00D5C97A /* Main.storyboard */ = {
			isa = PBXVariantGroup;
			children = (
				5BC607F61D7146AC00D5C97A /* Base */,
			);
			name = Main.storyboard;
			sourceTree = "<group>";
		};
		5BC607FA1D7146AC00D5C97A /* LaunchScreen.storyboard */ = {
			isa = PBXVariantGroup;
			children = (
				5BC607FB1D7146AC00D5C97A /* Base */,
			);
			name = LaunchScreen.storyboard;
			sourceTree = "<group>";
		};
/* End PBXVariantGroup section */

/* Begin XCBuildConfiguration section */
		5BC608141D7146AC00D5C97A /* Debug */ = {
			isa = XCBuildConfiguration;
			buildSettings = {
				ALWAYS_SEARCH_USER_PATHS = NO;
				CLANG_ANALYZER_LOCALIZABILITY_NONLOCALIZED = YES;
				CLANG_ANALYZER_NONNULL = YES;
				CLANG_CXX_LANGUAGE_STANDARD = "gnu++0x";
				CLANG_CXX_LIBRARY = "libc++";
				CLANG_ENABLE_MODULES = YES;
				CLANG_ENABLE_OBJC_ARC = YES;
				CLANG_WARN_BLOCK_CAPTURE_AUTORELEASING = YES;
				CLANG_WARN_BOOL_CONVERSION = YES;
				CLANG_WARN_COMMA = YES;
				CLANG_WARN_CONSTANT_CONVERSION = YES;
				CLANG_WARN_DEPRECATED_OBJC_IMPLEMENTATIONS = YES;
				CLANG_WARN_DIRECT_OBJC_ISA_USAGE = YES_ERROR;
				CLANG_WARN_EMPTY_BODY = YES;
				CLANG_WARN_ENUM_CONVERSION = YES;
				CLANG_WARN_INFINITE_RECURSION = YES;
				CLANG_WARN_INT_CONVERSION = YES;
				CLANG_WARN_NON_LITERAL_NULL_CONVERSION = YES;
				CLANG_WARN_OBJC_IMPLICIT_RETAIN_SELF = YES;
				CLANG_WARN_OBJC_LITERAL_CONVERSION = YES;
				CLANG_WARN_OBJC_ROOT_CLASS = YES_ERROR;
				CLANG_WARN_RANGE_LOOP_ANALYSIS = YES;
				CLANG_WARN_STRICT_PROTOTYPES = YES;
				CLANG_WARN_SUSPICIOUS_MOVE = YES;
				CLANG_WARN_UNREACHABLE_CODE = YES;
				CLANG_WARN__DUPLICATE_METHOD_MATCH = YES;
				"CODE_SIGN_IDENTITY[sdk=iphoneos*]" = "iPhone Developer";
				COPY_PHASE_STRIP = NO;
				DEBUG_ACTIVITY_MODE = "";
				"DEBUG_ACTIVITY_MODE[sdk=iphonesimulator*]" = disable;
				DEBUG_INFORMATION_FORMAT = dwarf;
				ENABLE_STRICT_OBJC_MSGSEND = YES;
				ENABLE_TESTABILITY = YES;
				GCC_C_LANGUAGE_STANDARD = gnu99;
				GCC_DYNAMIC_NO_PIC = NO;
				GCC_NO_COMMON_BLOCKS = YES;
				GCC_OPTIMIZATION_LEVEL = 0;
				GCC_PREPROCESSOR_DEFINITIONS = (
					"DEBUG=1",
					"$(inherited)",
				);
				GCC_WARN_64_TO_32_BIT_CONVERSION = YES;
				GCC_WARN_ABOUT_RETURN_TYPE = YES_ERROR;
				GCC_WARN_UNDECLARED_SELECTOR = YES;
				GCC_WARN_UNINITIALIZED_AUTOS = YES_AGGRESSIVE;
				GCC_WARN_UNUSED_FUNCTION = YES;
				GCC_WARN_UNUSED_VARIABLE = YES;
				IPHONEOS_DEPLOYMENT_TARGET = 10.0;
				MTL_ENABLE_DEBUG_INFO = YES;
				ONLY_ACTIVE_ARCH = YES;
				SDKROOT = iphoneos;
				SWIFT_OPTIMIZATION_LEVEL = "-Onone";
			};
			name = Debug;
		};
		5BC608151D7146AC00D5C97A /* Release */ = {
			isa = XCBuildConfiguration;
			buildSettings = {
				ALWAYS_SEARCH_USER_PATHS = NO;
				CLANG_ANALYZER_LOCALIZABILITY_NONLOCALIZED = YES;
				CLANG_ANALYZER_NONNULL = YES;
				CLANG_CXX_LANGUAGE_STANDARD = "gnu++0x";
				CLANG_CXX_LIBRARY = "libc++";
				CLANG_ENABLE_MODULES = YES;
				CLANG_ENABLE_OBJC_ARC = YES;
				CLANG_WARN_BLOCK_CAPTURE_AUTORELEASING = YES;
				CLANG_WARN_BOOL_CONVERSION = YES;
				CLANG_WARN_COMMA = YES;
				CLANG_WARN_CONSTANT_CONVERSION = YES;
				CLANG_WARN_DEPRECATED_OBJC_IMPLEMENTATIONS = YES;
				CLANG_WARN_DIRECT_OBJC_ISA_USAGE = YES_ERROR;
				CLANG_WARN_EMPTY_BODY = YES;
				CLANG_WARN_ENUM_CONVERSION = YES;
				CLANG_WARN_INFINITE_RECURSION = YES;
				CLANG_WARN_INT_CONVERSION = YES;
				CLANG_WARN_NON_LITERAL_NULL_CONVERSION = YES;
				CLANG_WARN_OBJC_IMPLICIT_RETAIN_SELF = YES;
				CLANG_WARN_OBJC_LITERAL_CONVERSION = YES;
				CLANG_WARN_OBJC_ROOT_CLASS = YES_ERROR;
				CLANG_WARN_RANGE_LOOP_ANALYSIS = YES;
				CLANG_WARN_STRICT_PROTOTYPES = YES;
				CLANG_WARN_SUSPICIOUS_MOVE = YES;
				CLANG_WARN_UNREACHABLE_CODE = YES;
				CLANG_WARN__DUPLICATE_METHOD_MATCH = YES;
				"CODE_SIGN_IDENTITY[sdk=iphoneos*]" = "iPhone Developer";
				COPY_PHASE_STRIP = NO;
				DEBUG_ACTIVITY_MODE = "";
				DEBUG_INFORMATION_FORMAT = "dwarf-with-dsym";
				ENABLE_NS_ASSERTIONS = NO;
				ENABLE_STRICT_OBJC_MSGSEND = YES;
				GCC_C_LANGUAGE_STANDARD = gnu99;
				GCC_NO_COMMON_BLOCKS = YES;
				GCC_WARN_64_TO_32_BIT_CONVERSION = YES;
				GCC_WARN_ABOUT_RETURN_TYPE = YES_ERROR;
				GCC_WARN_UNDECLARED_SELECTOR = YES;
				GCC_WARN_UNINITIALIZED_AUTOS = YES_AGGRESSIVE;
				GCC_WARN_UNUSED_FUNCTION = YES;
				GCC_WARN_UNUSED_VARIABLE = YES;
				IPHONEOS_DEPLOYMENT_TARGET = 10.0;
				MTL_ENABLE_DEBUG_INFO = NO;
				SDKROOT = iphoneos;
				SWIFT_COMPILATION_MODE = wholemodule;
				VALIDATE_PRODUCT = YES;
			};
			name = Release;
		};
		5BC608171D7146AC00D5C97A /* Debug */ = {
			isa = XCBuildConfiguration;
			baseConfigurationReference = 38DFC9CB89D9CC451EF9E8A5 /* Pods-BackgroundTask.debug.xcconfig */;
			buildSettings = {
				ASSETCATALOG_COMPILER_APPICON_NAME = AppIcon;
				CODE_SIGN_IDENTITY = "iPhone Developer";
				"CODE_SIGN_IDENTITY[sdk=iphoneos*]" = "iPhone Developer";
				DEVELOPMENT_TEAM = 4FSBQD52AV;
				INFOPLIST_FILE = test/Info.plist;
				IPHONEOS_DEPLOYMENT_TARGET = 10.0;
				LD_RUNPATH_SEARCH_PATHS = "$(inherited) @executable_path/Frameworks";
				PRODUCT_BUNDLE_IDENTIFIER = com.home.background;
				PRODUCT_NAME = BackgroundTask;
				PROVISIONING_PROFILE = "";
				SWIFT_OBJC_BRIDGING_HEADER = test/Example/BridgingHeader.h;
				SWIFT_VERSION = 5.0;
			};
			name = Debug;
		};
		5BC608181D7146AC00D5C97A /* Release */ = {
			isa = XCBuildConfiguration;
			baseConfigurationReference = 49B27AF4A47D826675527430 /* Pods-BackgroundTask.release.xcconfig */;
			buildSettings = {
				ASSETCATALOG_COMPILER_APPICON_NAME = AppIcon;
				CODE_SIGN_IDENTITY = "iPhone Developer";
				"CODE_SIGN_IDENTITY[sdk=iphoneos*]" = "iPhone Developer";
				DEVELOPMENT_TEAM = 4FSBQD52AV;
				INFOPLIST_FILE = test/Info.plist;
				IPHONEOS_DEPLOYMENT_TARGET = 10.0;
				LD_RUNPATH_SEARCH_PATHS = "$(inherited) @executable_path/Frameworks";
				PRODUCT_BUNDLE_IDENTIFIER = com.home.background;
				PRODUCT_NAME = BackgroundTask;
				PROVISIONING_PROFILE = "";
				SWIFT_OBJC_BRIDGING_HEADER = test/Example/BridgingHeader.h;
				SWIFT_VERSION = 5.0;
			};
			name = Release;
		};
/* End XCBuildConfiguration section */

/* Begin XCConfigurationList section */
		5BC607E91D7146AC00D5C97A /* Build configuration list for PBXProject "BackgroundTask" */ = {
			isa = XCConfigurationList;
			buildConfigurations = (
				5BC608141D7146AC00D5C97A /* Debug */,
				5BC608151D7146AC00D5C97A /* Release */,
			);
			defaultConfigurationIsVisible = 0;
			defaultConfigurationName = Release;
		};
		5BC608161D7146AC00D5C97A /* Build configuration list for PBXNativeTarget "BackgroundTask" */ = {
			isa = XCConfigurationList;
			buildConfigurations = (
				5BC608171D7146AC00D5C97A /* Debug */,
				5BC608181D7146AC00D5C97A /* Release */,
			);
			defaultConfigurationIsVisible = 0;
			defaultConfigurationName = Release;
		};
/* End XCConfigurationList section */
	};
	rootObject = 5BC607E61D7146AC00D5C97A /* Project object */;
}
